# THIS IS AN AUTOGENERATED FILE. DO NOT EDIT THIS FILE DIRECTLY.
assets/4913:
  development: 2018-02-25T13:52:52-05:00
assets/AjaxLoader.gif:
  development: 2018-02-24T21:33:36-05:00   5b8b06c052cac80413d62e5c45f9f37b
assets/ajax-cart.js.liquid:
  development: 2018-02-24T21:32:25-05:00   5089d437026dde38c1918ea91324d35a
assets/custom.modernizr.js:
  development: 2018-02-24T21:33:33-05:00   ab5abcd6bb3815cad35f8f6e82288400
assets/fastclick.min.js:
  development: 2018-02-24T21:32:25-05:00   4c68290ccc4d503561895dff0821621f
assets/gift-card.scss.liquid:
  development: 2018-02-24T21:32:25-05:00   c4d99d6414af35760c5112b609962e87
assets/grabbing.png:
  development: 2018-02-24T21:33:46-05:00   d817e1dba5bd5d891d0504bf1715807b
assets/handlebars.min.js:
  development: 2018-02-24T21:32:25-05:00   b3c11508a224ee83f86e2fc6491e9751
assets/ico-select.svg.liquid:
  development: 2018-02-24T21:32:25-05:00   9c9cc5a57cc74a0a64c2f62b1370a920
assets/icons.eot:
  development: 2018-02-24T21:32:25-05:00   6499aa740322bffbb6e26ebadf450c4a
assets/icons.json:
  development: 2018-02-24T22:12:30-05:00   6f9018585c3e215e29cef8e390091787
assets/icons.svg:
  development: 2018-02-24T21:32:25-05:00   1f568afd815839eae6eb796a52a497a6
assets/icons.ttf:
  development: 2018-02-24T21:32:25-05:00   0678272006d7b08a523ae6973a72d181
assets/icons.woff:
  development: 2018-02-24T21:32:26-05:00   6d64bee3b4d239a6cf6af98045a95954
assets/jquery.currencies.min.js:
  development: 2018-02-24T21:33:30-05:00   fbda3f892f5bfe99013e90c545ecef31
assets/modernizr.min.js:
  development: 2018-02-24T21:32:26-05:00   dc21cffad945a84cbbe770d52b1a0ded
assets/password-page-background.jpg:
  development: 2018-02-24T21:33:56-05:00   4d5821272f875e5c11dd3a8c8e1d6133
assets/respond-proxy.html:
  development: 2018-02-24T21:32:26-05:00   75002d74a330bff6bf069284da503b4c
assets/respond.min.js:
  development: 2018-02-24T21:32:26-05:00   a2684e9b8fa50d6d11c56a9ada068528
assets/styles.gift-card.scss.liquid:
  development: 2018-02-24T21:34:09-05:00   3ad180e3033bd87bf808f7d90e60676b
assets/theme.js:
  development: 2018-02-24T21:34:14-05:00   1623a37b7aa1e3e26f0602aa6c11a92f
assets/theme.scss.liquid:
  development: 2018-02-25T14:44:41-05:00   345cb5fa063203fb438c71b26ff4b139
assets/timber.js.liquid:
  development: 2018-02-24T21:32:26-05:00   8663e17d15e94386b5d6fb7c3e44b0bf
assets/timber.scss.liquid:
  development: 2018-02-24T21:32:26-05:00   ba59f53b6ce2656fb2abd9eedb901fe2
assets/transparent-1x1.png:
  development: 2018-02-24T21:34:04-05:00   978c1bee49d7ad5fc1a4d81099b13e18
assets/transparent-2x1.png:
  development: 2018-02-24T21:34:00-05:00   d9abdcc42acd476ea5c09cf9e80eb9dd
config/settings_data.json:
  development: 2018-02-25T13:31:21-05:00   b87ee84bb85451f271e85f9385480454
config/settings_schema.json:
  development: 2018-02-24T21:34:13-05:00   3b92767ba4499994c63888b86038f833
layout/theme.liquid:
  development: 2018-02-24T21:33:28-05:00   3ebfa792f89d3030b9e4dc41235fec6c
locales/de.json:
  development: 2018-02-24T22:11:52-05:00   585899bd4424d43afa93b72083a5aa0e
locales/en.default.json:
  development: 2018-02-25T12:35:57-05:00   59316ab524f6440098989ff7de52bae5
locales/es.json:
  development: 2018-02-24T22:12:28-05:00   e1095d0bd282d98ace9c18e5973bb6bf
locales/fr.json:
  development: 2018-02-24T22:12:46-05:00   95311e190dd74a4665d004f60dda8ad2
locales/pt-BR.json:
  development: 2018-02-24T22:12:42-05:00   3bc832b43077ef1681f2fe4be3eda8c9
locales/pt-PT.json:
  development: 2018-02-24T22:11:48-05:00   6ddf443592f389ff55aa739569736f47
sections/article.liquid:
  development: 2018-02-24T21:34:02-05:00   66c4cd742e43a5949e515ab5ce0e240d
sections/blog.liquid:
  development: 2018-02-24T21:33:26-05:00   81b761f4f5bc10a1b3874da3d4d9f149
sections/cart.liquid:
  development: 2018-02-24T21:33:38-05:00   88269ce05c9a9fdd7c43258871939f2b
sections/collection.liquid:
  development: 2018-02-24T21:33:33-05:00   a92ba7d0adace5a0ed3af7b897271953
sections/featured-collection.liquid:
  development: 2018-02-24T21:34:07-05:00   98e87d46648e3bea12fbb3aa4264c403
sections/featured-images.liquid:
  development: 2018-02-24T21:33:54-05:00   ac5541ee003feb5b164b4fccaae1388b
sections/featured-promo.liquid:
  development: 2018-02-24T21:34:00-05:00   86962e5d1d33badba658a565a7c8e510
sections/footer.liquid:
  development: 2018-02-24T21:33:49-05:00   dc6fdccb624c39e78012e30099ddd435
sections/header.liquid:
  development: 2018-02-25T14:16:25-05:00   68020582d07bd6067e6f48b5da5e3712
sections/pages.liquid:
  development: 2018-02-24T21:33:39-05:00   4027e7fc8eff6bf9ddc7e026caf38878
sections/password.liquid:
  development: 2018-02-24T21:33:33-05:00   afb03c5b7dd280c9a0d1435f1cd03321
sections/product.liquid:
  development: 2018-02-24T21:34:10-05:00   654f07f39b0cca1ca040d0bb15c2eef7
sections/slideshow.liquid:
  development: 2018-02-24T21:34:03-05:00   909114144c3ceafc84c00076232f1d1f
sections/social-feeds.liquid:
  development: 2018-02-24T21:34:12-05:00   005531c1193219659da80e996069f067
snippets/advanced-settings.liquid:
  development: 2018-02-24T21:33:26-05:00   bba33d44fc646016379781d10e4b7ffb
snippets/ajax-cart-template.liquid:
  development: 2018-02-24T21:32:26-05:00   e6fa15367ab47a164d9dc8e47353c684
snippets/blog-sidebar.liquid:
  development: 2018-02-24T21:32:27-05:00   ae3891e372509ded7074e50b2a97f438
snippets/breadcrumb.liquid:
  development: 2018-02-24T21:32:27-05:00   7bf89ebc6f2f46288fa59aa305a42514
snippets/collection-sidebar.liquid:
  development: 2018-02-24T21:32:27-05:00   b53274904cf2b47ce2fb4c3e6d632bb3
snippets/collection-sorting.liquid:
  development: 2018-02-24T21:32:27-05:00   d369d2d4697110800946220909e8ecf8
snippets/comment.liquid:
  development: 2018-02-24T21:32:27-05:00   c766e42be8a74e05533d0e5a0e3a9ce3
snippets/custom-styles.liquid:
  development: 2018-02-24T21:33:34-05:00   0962357ca15f7357ba8405a99738ef2b
snippets/framework--breadcrumbs.liquid:
  development: 2018-02-24T21:33:41-05:00   da9fa277ef99123246ef2a32798bc67c
snippets/framework--cart.liquid:
  development: 2018-02-24T21:33:46-05:00   df1fd03bf671cd074230c2613560a732
snippets/framework--icon.liquid:
  development: 2018-02-24T21:33:51-05:00   d5b7a89b1e6d747d54142d389b62c247
snippets/framework--image.liquid:
  development: 2018-02-24T21:33:53-05:00   40058fc77107a9e9be71d231c7eb4869
snippets/framework--logo.liquid:
  development: 2018-02-24T21:34:04-05:00   0b082eeef22b143486eb84a0095a0216
snippets/framework--menu-functions.liquid:
  development: 2018-02-24T21:33:32-05:00   29ef616e49347a04c7c4441e746d1187
snippets/framework--pagination.liquid:
  development: 2018-02-24T21:33:35-05:00   016dc919cb18e635ab2045fd11feb8f5
snippets/framework--placeholder.liquid:
  development: 2018-02-24T21:34:09-05:00   6cf320db4caf75f990f5fe7294d4ec7d
snippets/framework--search.liquid:
  development: 2018-02-24T21:33:52-05:00   a47af835cf62725dbdd3ea69d1d43eb1
snippets/framework--social-meta-tags.liquid:
  development: 2018-02-24T21:34:01-05:00   a9e6cc25287b3c987bf88b305463c00d
snippets/framework--util--class-list.liquid:
  development: 2018-02-24T21:33:45-05:00   a2b0665e1909de18805d066896fbf449
snippets/framework--version.liquid:
  development: 2018-02-24T21:33:28-05:00   f4b02cfa89367ccb367652ed5c4f1dce
snippets/framework--webfont.liquid:
  development: 2018-02-24T21:33:37-05:00   53dd71321f8124b695a8719f0684a293
snippets/framework--x-menu.liquid:
  development: 2018-02-24T21:33:30-05:00   8056222d2ce8cefefb6bc978327deab7
snippets/framework--y-menu.liquid:
  development: 2018-02-24T21:33:41-05:00   eba075d0335c516aadacb3e1af220598
snippets/icon-sprite.svg.liquid:
  development: 2018-02-24T21:34:13-05:00   2a0b779548a399cb9256451fa3a3d3e5
snippets/oldIE-js.liquid:
  development: 2018-02-24T21:32:27-05:00   1197cc7109944206a600ed5caaef6a6f
snippets/onboarding-empty-collection.liquid:
  development: 2018-02-24T21:32:27-05:00   b25d81b4ba1c3e279fa58a5aade16b43
snippets/onboarding-featured-collections.liquid:
  development: 2018-02-24T21:32:27-05:00   63d3e42eb5e78f32bdd7d7bb96c2aa81
snippets/onboarding-featured-products.liquid:
  development: 2018-02-24T21:32:27-05:00   6a32fc5786e0f1dc98a1f75897fca8b3
snippets/partial--mobile-nav.liquid:
  development: 2018-02-24T21:33:56-05:00   7facf8f736b46392875f16507d43ff44
snippets/placeholder-collection.liquid:
  development: 2018-02-24T21:34:07-05:00   f9e48afcca93fb1bc92492f8cf1442b6
snippets/placeholder-image.liquid:
  development: 2018-02-24T21:33:24-05:00   96322cface3fe061ee749eba2b4d2586
snippets/placeholder-product.liquid:
  development: 2018-02-24T21:33:27-05:00   eef45201e0de915234a68cc0d8ca7de4
snippets/product-grid-item.liquid:
  development: 2018-02-24T21:32:27-05:00   5c056a854988fba46c535845cd5aeba1
snippets/respond.liquid:
  development: 2018-02-24T21:32:27-05:00   ca6abf0635dc2ad8c6bd377f83c79f6b
snippets/search-bar.liquid:
  development: 2018-02-24T21:32:27-05:00   733af687725a8174f1348c58f0d5a3e4
snippets/snippet-article-share.liquid:
  development: 2018-02-24T21:34:05-05:00   db37f8c7e1ca6532a48da38b88387766
snippets/snippet-blog-sidebar.liquid:
  development: 2018-02-24T21:33:47-05:00   2eb0eba2bb3ee06da461e73972474e9e
snippets/snippet-breadcrumbs.liquid:
  development: 2018-02-24T21:34:11-05:00   a4f99ae49b265823cab8dafa11f4c8fb
snippets/snippet-cart.liquid:
  development: 2018-02-24T21:33:31-05:00   aadefa8a78f47790c6fea6b2726ba346
snippets/snippet-collection-item.liquid:
  development: 2018-02-24T21:33:57-05:00   3382a776ed1128956d1a64bd7e992590
snippets/snippet-collection-placeholder-item.liquid:
  development: 2018-02-24T21:33:30-05:00   9e0e0fbd00f8ae4dc7124a2d7dfd356c
snippets/snippet-currencies.liquid:
  development: 2018-02-24T21:34:02-05:00   5f2e10723948f74be9d5600e4e45740c
snippets/snippet-currency-selector.liquid:
  development: 2018-02-25T12:58:03-05:00   290793168d871197f6478902a18a91b2
snippets/snippet-default-products.liquid:
  development: 2018-02-24T21:33:38-05:00   77d7af4d0ca8720355709f108a287feb
snippets/snippet-fb-open-graph-tags.liquid:
  development: 2018-02-24T21:33:39-05:00   a9c4baa89f67956b26cabe609e7c5bf1
snippets/snippet-mobile-menu.liquid:
  development: 2018-02-24T21:33:57-05:00   c7f26af57d1be5b9881e3290859a8efa
snippets/snippet-no-blocks.liquid:
  development: 2018-02-24T21:33:37-05:00   0cb7d758b6df0feb07ae5804b4b627fa
snippets/snippet-no-products.liquid:
  development: 2018-02-24T21:33:59-05:00   463ef472965037a20f362058f03c0a09
snippets/snippet-pagination.liquid:
  development: 2018-02-24T21:33:40-05:00   b0bc0e341bf63aea125c055ccad91252
snippets/snippet-product-item.liquid:
  development: 2018-02-24T21:33:25-05:00   124a0efe6b82afc9a143809cb5b8d04f
snippets/snippet-product-low-in-stock.liquid:
  development: 2018-02-24T21:33:50-05:00   5a7cf9f644533b24a4d442fef1173af1
snippets/snippet-product-share.liquid:
  development: 2018-02-24T21:33:43-05:00   d3a8c5f015feb104de5130edbbf03f8f
snippets/snippet-product-unavailable.liquid:
  development: 2018-02-24T21:34:00-05:00   d177eb5a077632b3814b0366416add89
snippets/snippet-promo-bar.liquid:
  development: 2018-02-24T21:34:04-05:00   120418f76b511e6151810505c37ed587
snippets/snippet-quantity.liquid:
  development: 2018-02-24T21:33:54-05:00   4346a197285b8aeca82bb3913b6c4741
snippets/snippet-related-products-item.liquid:
  development: 2018-02-24T21:33:40-05:00   da5903ed4ea50c3e3ad984957bc8cb59
snippets/snippet-related-products.liquid:
  development: 2018-02-24T21:34:10-05:00   99e8894338f61a100fbb93b88904caab
snippets/snippet-searchbar-account.liquid:
  development: 2018-02-25T13:20:43-05:00   caa0ef11c1b5e1cea1bea270bca27f11
snippets/snippet-size-chart.liquid:
  development: 2018-02-24T21:34:09-05:00   84c666820e94b3acd37e1666f3db0cea
snippets/snippet-social-follow.liquid:
  development: 2018-02-24T21:33:56-05:00   0ee3e517c28a818ba7dac0642c3dfb27
snippets/snippet-store-title.liquid:
  development: 2018-02-24T21:34:08-05:00   013fdc3fa41b80741536d637af1d15af
snippets/snippet-symbol.liquid:
  development: 2018-02-24T21:33:42-05:00   7f6c45f103c29c03c2596dd8bb65c0c1
snippets/snippet-transparent.liquid:
  development: 2018-02-24T21:33:53-05:00   162a091ff7979a13fde15feec3231212
snippets/snippet-webfont.liquid:
  development: 2018-02-24T21:33:43-05:00   49bf0a5efb039444ec32ec80b3c928a2
snippets/social-meta-tags.liquid:
  development: 2018-02-24T21:32:27-05:00   e7c97d7cb76c7925dd144dfb7b188cac
snippets/tags-article.liquid:
  development: 2018-02-24T21:32:27-05:00   52bc59a44a51be2f1745559c2ba514a2
templates/404.liquid:
  development: 2018-02-24T21:33:25-05:00   9687d9be018f69ca8380e45dc9953c77
templates/article.liquid:
  development: 2018-02-24T21:33:27-05:00   357fa64339bd70e38e9308be694cd73d
templates/blog.liquid:
  development: 2018-02-24T21:33:34-05:00   47c2b193635073128d05302ebf0ef481
templates/cart.liquid:
  development: 2018-02-24T21:33:52-05:00   b284d9ac85ad48e74ae329c2690e7ebe
templates/collection.liquid:
  development: 2018-02-24T21:33:49-05:00   7ce266e4a7bce1659eb0602493f34730
templates/collection.list.liquid:
  development: 2018-02-24T21:32:27-05:00   a1f281a34a1926f2c6d010dbbdeee210
templates/customers/account.liquid:
  development: 2018-02-24T21:33:46-05:00   f4d7c05c737189862c9ec27be9e86645
templates/customers/activate_account.liquid:
  development: 2018-02-24T21:34:01-05:00   c86f2c6d76e3e0eb2e4b46b22174b252
templates/customers/addresses.liquid:
  development: 2018-02-24T21:33:42-05:00   2d31e63ea6c4543d489aa8f37d68bd6c
templates/customers/login.liquid:
  development: 2018-02-24T21:34:06-05:00   2e1e7e8ef8cf4397559e7c93613cebe3
templates/customers/order.liquid:
  development: 2018-02-24T21:33:55-05:00   6e62146fb7d1a283cd3c99f15a058411
templates/customers/register.liquid:
  development: 2018-02-24T21:33:48-05:00   7ba8c60eb1f566083757c4990d058f2d
templates/customers/reset_password.liquid:
  development: 2018-02-24T21:34:11-05:00   0f6e1f714999655bdcd6b317dc44a997
templates/gift_card.liquid:
  development: 2018-02-24T21:33:44-05:00   8bd167891fb3770dad28ecdd695a6c38
templates/index.liquid:
  development: 2018-02-24T21:34:06-05:00   f79f45304db08806b224656bf8d56e7c
templates/list-collections.liquid:
  development: 2018-02-24T21:33:35-05:00   0321bc4484a7b3deaa8d255c7d486d82
templates/page.contact.liquid:
  development: 2018-02-24T21:33:51-05:00   44a4de8fc0d59f465de046f2868c8cd7
templates/page.full-width.liquid:
  development: 2018-02-24T21:34:05-05:00   a7d02d47172d886d457075655248467f
templates/page.liquid:
  development: 2018-02-24T21:33:58-05:00   7941fbd82bdfe22d280e6f2762234a62
templates/password.liquid:
  development: 2018-02-24T21:33:29-05:00   7b657863e1d60d26f9986ae1eaac1c22
templates/product.liquid:
  development: 2018-02-24T21:33:47-05:00   5033623773c7f8020ee769de8f09d9e9
templates/search.json.liquid:
  development: 2018-02-24T21:33:36-05:00   1d905b48b8c157a1694fc3624d39f6a7
templates/search.liquid:
  development: 2018-02-24T21:33:31-05:00   ea9161491be84dbbdc15794825b4827e
